
Microsoft Visual Studio Solution File, Format Version 12.00
# Visual Studio Version 17
VisualStudioVersion = 17.14.36518.9
MinimumVisualStudioVersion = 10.0.40219.1
Project("{FAE04EC0-301F-11D3-BF4B-00C04F79EFBC}") = "Tasqana", "Tasqana.csproj", "{854472EA-4880-47B2-8CAD-2FA58A64A2E6}"
EndProject
Global
	GlobalSection(SolutionConfigurationPlatforms) = preSolution
		Debug|Any CPU = Debug|Any CPU
		Release|Any CPU = Release|Any CPU
	EndGlobalSection
	GlobalSection(ProjectConfigurationPlatforms) = postSolution
		{854472EA-4880-47B2-8CAD-2FA58A64A2E6}.Debug|Any CPU.ActiveCfg = Debug|Any CPU
		{854472EA-4880-47B2-8CAD-2FA58A64A2E6}.Debug|Any CPU.Build.0 = Debug|Any CPU
		{854472EA-4880-47B2-8CAD-2FA58A64A2E6}.Release|Any CPU.ActiveCfg = Release|Any CPU
		{854472EA-4880-47B2-8CAD-2FA58A64A2E6}.Release|Any CPU.Build.0 = Release|Any CPU
	EndGlobalSection
	GlobalSection(SolutionProperties) = preSolution
		HideSolutionNode = FALSE
	EndGlobalSection
	GlobalSection(ExtensibilityGlobals) = postSolution
		SolutionGuid = {13ACB388-C811-4B73-A663-B863C8D881B8}
	EndGlobalSection
EndGlobal
